
Microsoft Visual Studio Solution File, Format Version 12.00
# Visual Studio Version 16
VisualStudioVersion = 16.0.31025.194
MinimumVisualStudioVersion = 10.0.40219.1
Project("{FAE04EC0-301F-11D3-BF4B-00C04F79EFBC}") = "Jquery", "Jquery\Jquery.csproj", "{2704EB9B-9A1D-4A59-8CA4-35EEBB8328AF}"
EndProject
Global
	GlobalSection(SolutionConfigurationPlatforms) = preSolution
		Debug|Any CPU = Debug|Any CPU
		Release|Any CPU = Release|Any CPU
	EndGlobalSection
	GlobalSection(ProjectConfigurationPlatforms) = postSolution
		{2704EB9B-9A1D-4A59-8CA4-35EEBB8328AF}.Debug|Any CPU.ActiveCfg = Debug|Any CPU
		{2704EB9B-9A1D-4A59-8CA4-35EEBB8328AF}.Debug|Any CPU.Build.0 = Debug|Any CPU
		{2704EB9B-9A1D-4A59-8CA4-35EEBB8328AF}.Release|Any CPU.ActiveCfg = Release|Any CPU
		{2704EB9B-9A1D-4A59-8CA4-35EEBB8328AF}.Release|Any CPU.Build.0 = Release|Any CPU
	EndGlobalSection
	GlobalSection(SolutionProperties) = preSolution
		HideSolutionNode = FALSE
	EndGlobalSection
	GlobalSection(ExtensibilityGlobals) = postSolution
		SolutionGuid = {A60BB2AB-D43F-4559-8146-33AA95FF48FB}
	EndGlobalSection
EndGlobal
